
Microsoft Visual Studio Solution File, Format Version 12.00
# Visual Studio Version 16
VisualStudioVersion = 16.0.30804.86
MinimumVisualStudioVersion = 10.0.40219.1
Project("{FAE04EC0-301F-11D3-BF4B-00C04F79EFBC}") = "BookBuddy", "BookBuddy\BookBuddy.csproj", "{F83E97DD-2E91-494F-822C-6A7BC43DC98A}"
EndProject
Global
	GlobalSection(SolutionConfigurationPlatforms) = preSolution
		Debug|Any CPU = Debug|Any CPU
		Release|Any CPU = Release|Any CPU
	EndGlobalSection
	GlobalSection(ProjectConfigurationPlatforms) = postSolution
		{F83E97DD-2E91-494F-822C-6A7BC43DC98A}.Debug|Any CPU.ActiveCfg = Debug|Any CPU
		{F83E97DD-2E91-494F-822C-6A7BC43DC98A}.Debug|Any CPU.Build.0 = Debug|Any CPU
		{F83E97DD-2E91-494F-822C-6A7BC43DC98A}.Release|Any CPU.ActiveCfg = Release|Any CPU
		{F83E97DD-2E91-494F-822C-6A7BC43DC98A}.Release|Any CPU.Build.0 = Release|Any CPU
	EndGlobalSection
	GlobalSection(SolutionProperties) = preSolution
		HideSolutionNode = FALSE
	EndGlobalSection
	GlobalSection(ExtensibilityGlobals) = postSolution
		SolutionGuid = {EC382DCF-AA21-4EA0-BFF4-59F87CFC0411}
	EndGlobalSection
EndGlobal
